// !$*UTF8*$!
{
	archiveVersion = 1;
	classes = {
	};
	objectVersion = 50;
	objects = {

/* Begin PBXBuildFile section */
		840D3F65254C1D6200C9E2EF /* WorkoutFinishView.swift in Sources */ = {isa = PBXBuildFile; fileRef = 840D3F64254C1D6200C9E2EF /* WorkoutFinishView.swift */; };
		841D04D1250648AB00786074 /* ExerciseStartView.swift in Sources */ = {isa = PBXBuildFile; fileRef = 841D04D0250648AB00786074 /* ExerciseStartView.swift */; };
		841D04D325064A8800786074 /* WorkoutPickerViewModel.swift in Sources */ = {isa = PBXBuildFile; fileRef = 841D04D225064A8800786074 /* WorkoutPickerViewModel.swift */; };
		841D04D525064DE600786074 /* Settings.swift in Sources */ = {isa = PBXBuildFile; fileRef = 841D04D425064DE600786074 /* Settings.swift */; };
		841D04D925066CF400786074 /* UserDefaultsKeys.swift in Sources */ = {isa = PBXBuildFile; fileRef = 841D04D825066CF400786074 /* UserDefaultsKeys.swift */; };
		841D04DB250673DB00786074 /* BodyPartSelectionListView.swift in Sources */ = {isa = PBXBuildFile; fileRef = 841D04DA250673DB00786074 /* BodyPartSelectionListView.swift */; };
		84394C412502501600BBA4F3 /* SpinnerPointer.swift in Sources */ = {isa = PBXBuildFile; fileRef = 84394C402502501600BBA4F3 /* SpinnerPointer.swift */; };
		843F33EC24FFB2BD00919AD5 /* GeometryProxy-extension.swift in Sources */ = {isa = PBXBuildFile; fileRef = 843F33EB24FFB2BD00919AD5 /* GeometryProxy-extension.swift */; };
		843F33EE24FFB2E500919AD5 /* Color-extension.swift in Sources */ = {isa = PBXBuildFile; fileRef = 843F33ED24FFB2E500919AD5 /* Color-extension.swift */; };
		845B317C2579026B00C3CE34 /* Text ViewModifiers.swift in Sources */ = {isa = PBXBuildFile; fileRef = 845B317B2579026B00C3CE34 /* Text ViewModifiers.swift */; };
		847063BF250A4A370030F4DE /* ExerciseView.swift in Sources */ = {isa = PBXBuildFile; fileRef = 847063BE250A4A370030F4DE /* ExerciseView.swift */; };
		8483502925403C010081D374 /* WorkoutManager.swift in Sources */ = {isa = PBXBuildFile; fileRef = 8483502825403C010081D374 /* WorkoutManager.swift */; };
		848364E82565438800B357FA /* InstructionsView.swift in Sources */ = {isa = PBXBuildFile; fileRef = 848364E72565438800B357FA /* InstructionsView.swift */; };
		848642F52500FA3E00E3ED9B /* SpinnerSlice.swift in Sources */ = {isa = PBXBuildFile; fileRef = 848642F42500FA3E00E3ED9B /* SpinnerSlice.swift */; };
		848BE240250B854900F48C7C /* HealthKit.framework in Frameworks */ = {isa = PBXBuildFile; fileRef = 848BE23F250B854900F48C7C /* HealthKit.framework */; };
		849458EE2503AFCA00C361F7 /* CrownVelocityCalculator.swift in Sources */ = {isa = PBXBuildFile; fileRef = 849458ED2503AFCA00C361F7 /* CrownVelocityCalculator.swift */; };
		849458F12503B86200C361F7 /* SpinnerRotationModifier.swift in Sources */ = {isa = PBXBuildFile; fileRef = 849458F02503B86200C361F7 /* SpinnerRotationModifier.swift */; };
		849C7325255EA64400C28F96 /* LabelWithIndicator.swift in Sources */ = {isa = PBXBuildFile; fileRef = 849C7324255EA64400C28F96 /* LabelWithIndicator.swift */; };
		849C732A255EA67100C28F96 /* SectionHeader.swift in Sources */ = {isa = PBXBuildFile; fileRef = 849C7329255EA67100C28F96 /* SectionHeader.swift */; };
		84A53E88250105D100A8D638 /* WorkoutSlice.swift in Sources */ = {isa = PBXBuildFile; fileRef = 84A53E87250105D000A8D638 /* WorkoutSlice.swift */; };
		84A7F866255C0BFB006D26CD /* ButtonStyles.swift in Sources */ = {isa = PBXBuildFile; fileRef = 84A7F865255C0BFB006D26CD /* ButtonStyles.swift */; };
		84A7F86C255C0D53006D26CD /* Buttons.swift in Sources */ = {isa = PBXBuildFile; fileRef = 84A7F86B255C0D53006D26CD /* Buttons.swift */; };
		84BCB975255D574400C83B28 /* SelectExercisesView.swift in Sources */ = {isa = PBXBuildFile; fileRef = 84BCB974255D574400C83B28 /* SelectExercisesView.swift */; };
		84C1FA7425497A050008CE09 /* WorkoutPagingView.swift in Sources */ = {isa = PBXBuildFile; fileRef = 84C1FA7325497A050008CE09 /* WorkoutPagingView.swift */; };
		84C1FA7C25497CD20008CE09 /* WorkoutTracker.swift in Sources */ = {isa = PBXBuildFile; fileRef = 84C1FA7B25497CD20008CE09 /* WorkoutTracker.swift */; };
		84D0BDD9254ADA51001ABA83 /* ExerciseFinishView.swift in Sources */ = {isa = PBXBuildFile; fileRef = 84D0BDD8254ADA51001ABA83 /* ExerciseFinishView.swift */; };
		84DD331725445DBF00409E57 /* WelcomeView.swift in Sources */ = {isa = PBXBuildFile; fileRef = 84DD331625445DBF00409E57 /* WelcomeView.swift */; };
		84DEC01824FE5ABD002FF9BC /* ExercisePicker.swift in Sources */ = {isa = PBXBuildFile; fileRef = 84DEC01724FE5ABD002FF9BC /* ExercisePicker.swift */; };
		84E1503724FD134A007F577D /* WorkoutSpinnerExercises.json in Resources */ = {isa = PBXBuildFile; fileRef = 84E1503624FD134A007F577D /* WorkoutSpinnerExercises.json */; };
		84E1503924FD136B007F577D /* ExerciseOptions.swift in Sources */ = {isa = PBXBuildFile; fileRef = 84E1503824FD136B007F577D /* ExerciseOptions.swift */; };
		84E3728024FD0A5800AFB355 /* Workout Spinner WatchKit App.app in Embed Watch Content */ = {isa = PBXBuildFile; fileRef = 84E3727F24FD0A5800AFB355 /* Workout Spinner WatchKit App.app */; settings = {ATTRIBUTES = (RemoveHeadersOnCopy, ); }; };
		84E3728624FD0A5800AFB355 /* Interface.storyboard in Resources */ = {isa = PBXBuildFile; fileRef = 84E3728424FD0A5800AFB355 /* Interface.storyboard */; };
		84E3728824FD0A5C00AFB355 /* Assets.xcassets in Resources */ = {isa = PBXBuildFile; fileRef = 84E3728724FD0A5C00AFB355 /* Assets.xcassets */; };
		84E3728F24FD0A5D00AFB355 /* Workout Spinner WatchKit Extension.appex in Embed App Extensions */ = {isa = PBXBuildFile; fileRef = 84E3728E24FD0A5D00AFB355 /* Workout Spinner WatchKit Extension.appex */; settings = {ATTRIBUTES = (RemoveHeadersOnCopy, ); }; };
		84E3729424FD0A5D00AFB355 /* ContentView.swift in Sources */ = {isa = PBXBuildFile; fileRef = 84E3729324FD0A5D00AFB355 /* ContentView.swift */; };
		84E3729624FD0A5D00AFB355 /* HostingController.swift in Sources */ = {isa = PBXBuildFile; fileRef = 84E3729524FD0A5D00AFB355 /* HostingController.swift */; };
		84E3729824FD0A5D00AFB355 /* ExtensionDelegate.swift in Sources */ = {isa = PBXBuildFile; fileRef = 84E3729724FD0A5D00AFB355 /* ExtensionDelegate.swift */; };
		84E3729A24FD0A5D00AFB355 /* NotificationController.swift in Sources */ = {isa = PBXBuildFile; fileRef = 84E3729924FD0A5D00AFB355 /* NotificationController.swift */; };
		84E3729C24FD0A5D00AFB355 /* NotificationView.swift in Sources */ = {isa = PBXBuildFile; fileRef = 84E3729B24FD0A5D00AFB355 /* NotificationView.swift */; };
		84E3729E24FD0A5D00AFB355 /* ComplicationController.swift in Sources */ = {isa = PBXBuildFile; fileRef = 84E3729D24FD0A5D00AFB355 /* ComplicationController.swift */; };
		84E372A024FD0A5E00AFB355 /* Assets.xcassets in Resources */ = {isa = PBXBuildFile; fileRef = 84E3729F24FD0A5E00AFB355 /* Assets.xcassets */; };
		84E372A324FD0A5E00AFB355 /* Preview Assets.xcassets in Resources */ = {isa = PBXBuildFile; fileRef = 84E372A224FD0A5E00AFB355 /* Preview Assets.xcassets */; };
		84E372B724FD0BD800AFB355 /* ExerciseInfo.swift in Sources */ = {isa = PBXBuildFile; fileRef = 84E372B624FD0BD800AFB355 /* ExerciseInfo.swift */; };
		84E372B924FD0F5700AFB355 /* Exercise enums.swift in Sources */ = {isa = PBXBuildFile; fileRef = 84E372B824FD0F5600AFB355 /* Exercise enums.swift */; };
		84E9C0DD255422B9002D461B /* HeartRateGraphView.swift in Sources */ = {isa = PBXBuildFile; fileRef = 84E9C0DC255422B9002D461B /* HeartRateGraphView.swift */; };
		84E9C0E8255422DE002D461B /* Double-extension.swift in Sources */ = {isa = PBXBuildFile; fileRef = 84E9C0E7255422DE002D461B /* Double-extension.swift */; };
		84E9C0ED25542309002D461B /* GraphBackgroundSegment.swift in Sources */ = {isa = PBXBuildFile; fileRef = 84E9C0EC25542309002D461B /* GraphBackgroundSegment.swift */; };
		84E9C0F22554231D002D461B /* PlotHVLines.swift in Sources */ = {isa = PBXBuildFile; fileRef = 84E9C0F12554231D002D461B /* PlotHVLines.swift */; };
		84E9C0F72554232B002D461B /* PlotHVGridText.swift in Sources */ = {isa = PBXBuildFile; fileRef = 84E9C0F62554232B002D461B /* PlotHVGridText.swift */; };
		84E9C0FC2554233C002D461B /* HeartRateGraphPlotShape.swift in Sources */ = {isa = PBXBuildFile; fileRef = 84E9C0FB2554233C002D461B /* HeartRateGraphPlotShape.swift */; };
		84E9C1012554234D002D461B /* HeartRateGraphData.swift in Sources */ = {isa = PBXBuildFile; fileRef = 84E9C1002554234D002D461B /* HeartRateGraphData.swift */; };
		84EFD6792508E32500806EF4 /* BodyPartSelections.swift in Sources */ = {isa = PBXBuildFile; fileRef = 84EFD6782508E32500806EF4 /* BodyPartSelections.swift */; };
		84FDB9CE255A0721002E0534 /* EditExerciseView.swift in Sources */ = {isa = PBXBuildFile; fileRef = 84FDB9CD255A0721002E0534 /* EditExerciseView.swift */; };
/* End PBXBuildFile section */

/* Begin PBXContainerItemProxy section */
		84E3728124FD0A5800AFB355 /* PBXContainerItemProxy */ = {
			isa = PBXContainerItemProxy;
			containerPortal = 84E3727524FD0A5800AFB355 /* Project object */;
			proxyType = 1;
			remoteGlobalIDString = 84E3727E24FD0A5800AFB355;
			remoteInfo = "Workout Spinner WatchKit App";
		};
		84E3729024FD0A5D00AFB355 /* PBXContainerItemProxy */ = {
			isa = PBXContainerItemProxy;
			containerPortal = 84E3727524FD0A5800AFB355 /* Project object */;
			proxyType = 1;
			remoteGlobalIDString = 84E3728D24FD0A5D00AFB355;
			remoteInfo = "Workout Spinner WatchKit Extension";
		};
/* End PBXContainerItemProxy section */

/* Begin PBXCopyFilesBuildPhase section */
		84E372AB24FD0A5E00AFB355 /* Embed App Extensions */ = {
			isa = PBXCopyFilesBuildPhase;
			buildActionMask = 2147483647;
			dstPath = "";
			dstSubfolderSpec = 13;
			files = (
				84E3728F24FD0A5D00AFB355 /* Workout Spinner WatchKit Extension.appex in Embed App Extensions */,
			);
			name = "Embed App Extensions";
			runOnlyForDeploymentPostprocessing = 0;
		};
		84E372AF24FD0A5E00AFB355 /* Embed Watch Content */ = {
			isa = PBXCopyFilesBuildPhase;
			buildActionMask = 2147483647;
			dstPath = "$(CONTENTS_FOLDER_PATH)/Watch";
			dstSubfolderSpec = 16;
			files = (
				84E3728024FD0A5800AFB355 /* Workout Spinner WatchKit App.app in Embed Watch Content */,
			);
			name = "Embed Watch Content";
			runOnlyForDeploymentPostprocessing = 0;
		};
/* End PBXCopyFilesBuildPhase section */

/* Begin PBXFileReference section */
		840D3F64254C1D6200C9E2EF /* WorkoutFinishView.swift */ = {isa = PBXFileReference; lastKnownFileType = sourcecode.swift; path = WorkoutFinishView.swift; sourceTree = "<group>"; };
		841D04D0250648AB00786074 /* ExerciseStartView.swift */ = {isa = PBXFileReference; lastKnownFileType = sourcecode.swift; path = ExerciseStartView.swift; sourceTree = "<group>"; };
		841D04D225064A8800786074 /* WorkoutPickerViewModel.swift */ = {isa = PBXFileReference; lastKnownFileType = sourcecode.swift; path = WorkoutPickerViewModel.swift; sourceTree = "<group>"; };
		841D04D425064DE600786074 /* Settings.swift */ = {isa = PBXFileReference; lastKnownFileType = sourcecode.swift; path = Settings.swift; sourceTree = "<group>"; };
		841D04D825066CF400786074 /* UserDefaultsKeys.swift */ = {isa = PBXFileReference; lastKnownFileType = sourcecode.swift; path = UserDefaultsKeys.swift; sourceTree = "<group>"; };
		841D04DA250673DB00786074 /* BodyPartSelectionListView.swift */ = {isa = PBXFileReference; lastKnownFileType = sourcecode.swift; path = BodyPartSelectionListView.swift; sourceTree = "<group>"; };
		84394C402502501600BBA4F3 /* SpinnerPointer.swift */ = {isa = PBXFileReference; lastKnownFileType = sourcecode.swift; path = SpinnerPointer.swift; sourceTree = "<group>"; };
		843F33EB24FFB2BD00919AD5 /* GeometryProxy-extension.swift */ = {isa = PBXFileReference; lastKnownFileType = sourcecode.swift; path = "GeometryProxy-extension.swift"; sourceTree = "<group>"; };
		843F33ED24FFB2E500919AD5 /* Color-extension.swift */ = {isa = PBXFileReference; lastKnownFileType = sourcecode.swift; path = "Color-extension.swift"; sourceTree = "<group>"; };
		845B317B2579026B00C3CE34 /* Text ViewModifiers.swift */ = {isa = PBXFileReference; lastKnownFileType = sourcecode.swift; path = "Text ViewModifiers.swift"; sourceTree = "<group>"; };
		847063BE250A4A370030F4DE /* ExerciseView.swift */ = {isa = PBXFileReference; lastKnownFileType = sourcecode.swift; path = ExerciseView.swift; sourceTree = "<group>"; };
		8483502825403C010081D374 /* WorkoutManager.swift */ = {isa = PBXFileReference; lastKnownFileType = sourcecode.swift; path = WorkoutManager.swift; sourceTree = "<group>"; };
		848364E72565438800B357FA /* InstructionsView.swift */ = {isa = PBXFileReference; lastKnownFileType = sourcecode.swift; path = InstructionsView.swift; sourceTree = "<group>"; };
		848642F42500FA3E00E3ED9B /* SpinnerSlice.swift */ = {isa = PBXFileReference; lastKnownFileType = sourcecode.swift; path = SpinnerSlice.swift; sourceTree = "<group>"; };
		848BE23D250B854900F48C7C /* Workout Spinner WatchKit Extension.entitlements */ = {isa = PBXFileReference; lastKnownFileType = text.plist.entitlements; path = "Workout Spinner WatchKit Extension.entitlements"; sourceTree = "<group>"; };
		848BE23F250B854900F48C7C /* HealthKit.framework */ = {isa = PBXFileReference; lastKnownFileType = wrapper.framework; name = HealthKit.framework; path = Platforms/WatchOS.platform/Developer/SDKs/WatchOS6.2.sdk/System/Library/Frameworks/HealthKit.framework; sourceTree = DEVELOPER_DIR; };
		849458ED2503AFCA00C361F7 /* CrownVelocityCalculator.swift */ = {isa = PBXFileReference; lastKnownFileType = sourcecode.swift; path = CrownVelocityCalculator.swift; sourceTree = "<group>"; };
		849458F02503B86200C361F7 /* SpinnerRotationModifier.swift */ = {isa = PBXFileReference; lastKnownFileType = sourcecode.swift; path = SpinnerRotationModifier.swift; sourceTree = "<group>"; };
		849C7324255EA64400C28F96 /* LabelWithIndicator.swift */ = {isa = PBXFileReference; lastKnownFileType = sourcecode.swift; path = LabelWithIndicator.swift; sourceTree = "<group>"; };
		849C7329255EA67100C28F96 /* SectionHeader.swift */ = {isa = PBXFileReference; lastKnownFileType = sourcecode.swift; path = SectionHeader.swift; sourceTree = "<group>"; };
		84A53E87250105D000A8D638 /* WorkoutSlice.swift */ = {isa = PBXFileReference; lastKnownFileType = sourcecode.swift; path = WorkoutSlice.swift; sourceTree = "<group>"; };
		84A7F865255C0BFB006D26CD /* ButtonStyles.swift */ = {isa = PBXFileReference; lastKnownFileType = sourcecode.swift; path = ButtonStyles.swift; sourceTree = "<group>"; };
		84A7F86B255C0D53006D26CD /* Buttons.swift */ = {isa = PBXFileReference; lastKnownFileType = sourcecode.swift; path = Buttons.swift; sourceTree = "<group>"; };
		84BCB974255D574400C83B28 /* SelectExercisesView.swift */ = {isa = PBXFileReference; lastKnownFileType = sourcecode.swift; path = SelectExercisesView.swift; sourceTree = "<group>"; };
		84C1FA7325497A050008CE09 /* WorkoutPagingView.swift */ = {isa = PBXFileReference; fileEncoding = 4; lastKnownFileType = sourcecode.swift; name = WorkoutPagingView.swift; path = "Workout Spinner WatchKit Extension/Views/WorkoutPagingView.swift"; sourceTree = SOURCE_ROOT; };
		84C1FA7B25497CD20008CE09 /* WorkoutTracker.swift */ = {isa = PBXFileReference; lastKnownFileType = sourcecode.swift; path = WorkoutTracker.swift; sourceTree = "<group>"; };
		84D0BDD8254ADA51001ABA83 /* ExerciseFinishView.swift */ = {isa = PBXFileReference; lastKnownFileType = sourcecode.swift; path = ExerciseFinishView.swift; sourceTree = "<group>"; };
		84DD331625445DBF00409E57 /* WelcomeView.swift */ = {isa = PBXFileReference; lastKnownFileType = sourcecode.swift; path = WelcomeView.swift; sourceTree = "<group>"; };
		84DEC01724FE5ABD002FF9BC /* ExercisePicker.swift */ = {isa = PBXFileReference; lastKnownFileType = sourcecode.swift; path = ExercisePicker.swift; sourceTree = "<group>"; };
		84E1503624FD134A007F577D /* WorkoutSpinnerExercises.json */ = {isa = PBXFileReference; fileEncoding = 4; lastKnownFileType = text.json; path = WorkoutSpinnerExercises.json; sourceTree = "<group>"; };
		84E1503824FD136B007F577D /* ExerciseOptions.swift */ = {isa = PBXFileReference; lastKnownFileType = sourcecode.swift; path = ExerciseOptions.swift; sourceTree = "<group>"; };
		84E3727B24FD0A5800AFB355 /* Workout Spinner.app */ = {isa = PBXFileReference; explicitFileType = wrapper.application; includeInIndex = 0; path = "Workout Spinner.app"; sourceTree = BUILT_PRODUCTS_DIR; };
		84E3727F24FD0A5800AFB355 /* Workout Spinner WatchKit App.app */ = {isa = PBXFileReference; explicitFileType = wrapper.application; includeInIndex = 0; path = "Workout Spinner WatchKit App.app"; sourceTree = BUILT_PRODUCTS_DIR; };
		84E3728524FD0A5800AFB355 /* Base */ = {isa = PBXFileReference; lastKnownFileType = file.storyboard; name = Base; path = Base.lproj/Interface.storyboard; sourceTree = "<group>"; };
		84E3728724FD0A5C00AFB355 /* Assets.xcassets */ = {isa = PBXFileReference; lastKnownFileType = folder.assetcatalog; path = Assets.xcassets; sourceTree = "<group>"; };
		84E3728924FD0A5C00AFB355 /* Info.plist */ = {isa = PBXFileReference; lastKnownFileType = text.plist.xml; path = Info.plist; sourceTree = "<group>"; };
		84E3728E24FD0A5D00AFB355 /* Workout Spinner WatchKit Extension.appex */ = {isa = PBXFileReference; explicitFileType = "wrapper.app-extension"; includeInIndex = 0; path = "Workout Spinner WatchKit Extension.appex"; sourceTree = BUILT_PRODUCTS_DIR; };
		84E3729324FD0A5D00AFB355 /* ContentView.swift */ = {isa = PBXFileReference; lastKnownFileType = sourcecode.swift; path = ContentView.swift; sourceTree = "<group>"; };
		84E3729524FD0A5D00AFB355 /* HostingController.swift */ = {isa = PBXFileReference; lastKnownFileType = sourcecode.swift; path = HostingController.swift; sourceTree = "<group>"; };
		84E3729724FD0A5D00AFB355 /* ExtensionDelegate.swift */ = {isa = PBXFileReference; lastKnownFileType = sourcecode.swift; path = ExtensionDelegate.swift; sourceTree = "<group>"; };
		84E3729924FD0A5D00AFB355 /* NotificationController.swift */ = {isa = PBXFileReference; lastKnownFileType = sourcecode.swift; path = NotificationController.swift; sourceTree = "<group>"; };
		84E3729B24FD0A5D00AFB355 /* NotificationView.swift */ = {isa = PBXFileReference; lastKnownFileType = sourcecode.swift; path = NotificationView.swift; sourceTree = "<group>"; };
		84E3729D24FD0A5D00AFB355 /* ComplicationController.swift */ = {isa = PBXFileReference; lastKnownFileType = sourcecode.swift; path = ComplicationController.swift; sourceTree = "<group>"; };
		84E3729F24FD0A5E00AFB355 /* Assets.xcassets */ = {isa = PBXFileReference; lastKnownFileType = folder.assetcatalog; path = Assets.xcassets; sourceTree = "<group>"; };
		84E372A224FD0A5E00AFB355 /* Preview Assets.xcassets */ = {isa = PBXFileReference; lastKnownFileType = folder.assetcatalog; path = "Preview Assets.xcassets"; sourceTree = "<group>"; };
		84E372A424FD0A5E00AFB355 /* Info.plist */ = {isa = PBXFileReference; lastKnownFileType = text.plist.xml; path = Info.plist; sourceTree = "<group>"; };
		84E372A524FD0A5E00AFB355 /* PushNotificationPayload.apns */ = {isa = PBXFileReference; lastKnownFileType = text; path = PushNotificationPayload.apns; sourceTree = "<group>"; };
		84E372B624FD0BD800AFB355 /* ExerciseInfo.swift */ = {isa = PBXFileReference; lastKnownFileType = sourcecode.swift; path = ExerciseInfo.swift; sourceTree = "<group>"; };
		84E372B824FD0F5600AFB355 /* Exercise enums.swift */ = {isa = PBXFileReference; lastKnownFileType = sourcecode.swift; path = "Exercise enums.swift"; sourceTree = "<group>"; };
		84E9C0DC255422B9002D461B /* HeartRateGraphView.swift */ = {isa = PBXFileReference; lastKnownFileType = sourcecode.swift; path = HeartRateGraphView.swift; sourceTree = "<group>"; };
		84E9C0E7255422DE002D461B /* Double-extension.swift */ = {isa = PBXFileReference; lastKnownFileType = sourcecode.swift; path = "Double-extension.swift"; sourceTree = "<group>"; };
		84E9C0EC25542309002D461B /* GraphBackgroundSegment.swift */ = {isa = PBXFileReference; lastKnownFileType = sourcecode.swift; path = GraphBackgroundSegment.swift; sourceTree = "<group>"; };
		84E9C0F12554231D002D461B /* PlotHVLines.swift */ = {isa = PBXFileReference; lastKnownFileType = sourcecode.swift; path = PlotHVLines.swift; sourceTree = "<group>"; };
		84E9C0F62554232B002D461B /* PlotHVGridText.swift */ = {isa = PBXFileReference; lastKnownFileType = sourcecode.swift; path = PlotHVGridText.swift; sourceTree = "<group>"; };
		84E9C0FB2554233C002D461B /* HeartRateGraphPlotShape.swift */ = {isa = PBXFileReference; lastKnownFileType = sourcecode.swift; path = HeartRateGraphPlotShape.swift; sourceTree = "<group>"; };
		84E9C1002554234D002D461B /* HeartRateGraphData.swift */ = {isa = PBXFileReference; lastKnownFileType = sourcecode.swift; path = HeartRateGraphData.swift; sourceTree = "<group>"; };
		84EFD6782508E32500806EF4 /* BodyPartSelections.swift */ = {isa = PBXFileReference; lastKnownFileType = sourcecode.swift; path = BodyPartSelections.swift; sourceTree = "<group>"; };
		84FDB9CD255A0721002E0534 /* EditExerciseView.swift */ = {isa = PBXFileReference; lastKnownFileType = sourcecode.swift; path = EditExerciseView.swift; sourceTree = "<group>"; };
/* End PBXFileReference section */

/* Begin PBXFrameworksBuildPhase section */
		84E3728B24FD0A5D00AFB355 /* Frameworks */ = {
			isa = PBXFrameworksBuildPhase;
			buildActionMask = 2147483647;
			files = (
				848BE240250B854900F48C7C /* HealthKit.framework in Frameworks */,
			);
			runOnlyForDeploymentPostprocessing = 0;
		};
/* End PBXFrameworksBuildPhase section */

/* Begin PBXGroup section */
		843F33EA24FFB29F00919AD5 /* Extensions */ = {
			isa = PBXGroup;
			children = (
				843F33EB24FFB2BD00919AD5 /* GeometryProxy-extension.swift */,
				843F33ED24FFB2E500919AD5 /* Color-extension.swift */,
				84E9C0E7255422DE002D461B /* Double-extension.swift */,
			);
			path = Extensions;
			sourceTree = "<group>";
		};
		848BE23E250B854900F48C7C /* Frameworks */ = {
			isa = PBXGroup;
			children = (
				848BE23F250B854900F48C7C /* HealthKit.framework */,
			);
			name = Frameworks;
			sourceTree = "<group>";
		};
		84A7F86A255C0D32006D26CD /* General Components */ = {
			isa = PBXGroup;
			children = (
				849458F02503B86200C361F7 /* SpinnerRotationModifier.swift */,
				84A7F865255C0BFB006D26CD /* ButtonStyles.swift */,
				84A7F86B255C0D53006D26CD /* Buttons.swift */,
				849C7324255EA64400C28F96 /* LabelWithIndicator.swift */,
				849C7329255EA67100C28F96 /* SectionHeader.swift */,
				845B317B2579026B00C3CE34 /* Text ViewModifiers.swift */,
			);
			path = "General Components";
			sourceTree = "<group>";
		};
		84BD823D2546DD67000709C6 /* Spinner Subviews */ = {
			isa = PBXGroup;
			children = (
				84A53E87250105D000A8D638 /* WorkoutSlice.swift */,
				848642F42500FA3E00E3ED9B /* SpinnerSlice.swift */,
				84394C402502501600BBA4F3 /* SpinnerPointer.swift */,
			);
			path = "Spinner Subviews";
			sourceTree = "<group>";
		};
		84BD82442546DD8B000709C6 /* Settings Views */ = {
			isa = PBXGroup;
			children = (
				841D04D425064DE600786074 /* Settings.swift */,
				841D04DA250673DB00786074 /* BodyPartSelectionListView.swift */,
				84FDB9CD255A0721002E0534 /* EditExerciseView.swift */,
				84BCB974255D574400C83B28 /* SelectExercisesView.swift */,
			);
			path = "Settings Views";
			sourceTree = "<group>";
		};
		84E1503524FD112F007F577D /* Data */ = {
			isa = PBXGroup;
			children = (
				84E1503624FD134A007F577D /* WorkoutSpinnerExercises.json */,
			);
			path = Data;
			sourceTree = "<group>";
		};
		84E3727424FD0A5800AFB355 = {
			isa = PBXGroup;
			children = (
				84E3728324FD0A5800AFB355 /* Workout Spinner WatchKit App */,
				84E3729224FD0A5D00AFB355 /* Workout Spinner WatchKit Extension */,
				84E3727C24FD0A5800AFB355 /* Products */,
				848BE23E250B854900F48C7C /* Frameworks */,
			);
			sourceTree = "<group>";
		};
		84E3727C24FD0A5800AFB355 /* Products */ = {
			isa = PBXGroup;
			children = (
				84E3727B24FD0A5800AFB355 /* Workout Spinner.app */,
				84E3727F24FD0A5800AFB355 /* Workout Spinner WatchKit App.app */,
				84E3728E24FD0A5D00AFB355 /* Workout Spinner WatchKit Extension.appex */,
			);
			name = Products;
			sourceTree = "<group>";
		};
		84E3728324FD0A5800AFB355 /* Workout Spinner WatchKit App */ = {
			isa = PBXGroup;
			children = (
				84E3728424FD0A5800AFB355 /* Interface.storyboard */,
				84E3728724FD0A5C00AFB355 /* Assets.xcassets */,
				84E3728924FD0A5C00AFB355 /* Info.plist */,
			);
			path = "Workout Spinner WatchKit App";
			sourceTree = "<group>";
		};
		84E3729224FD0A5D00AFB355 /* Workout Spinner WatchKit Extension */ = {
			isa = PBXGroup;
			children = (
				848BE23D250B854900F48C7C /* Workout Spinner WatchKit Extension.entitlements */,
				843F33EA24FFB29F00919AD5 /* Extensions */,
				84E372B524FD0B1F00AFB355 /* Views */,
				84E372B424FD0AD500AFB355 /* View Models */,
				84E372B324FD0ACD00AFB355 /* Models */,
				84E1503524FD112F007F577D /* Data */,
				84E3729524FD0A5D00AFB355 /* HostingController.swift */,
				84E3729724FD0A5D00AFB355 /* ExtensionDelegate.swift */,
				84E3729924FD0A5D00AFB355 /* NotificationController.swift */,
				84E3729B24FD0A5D00AFB355 /* NotificationView.swift */,
				84E3729D24FD0A5D00AFB355 /* ComplicationController.swift */,
				84E3729F24FD0A5E00AFB355 /* Assets.xcassets */,
				84E372A424FD0A5E00AFB355 /* Info.plist */,
				84E372A524FD0A5E00AFB355 /* PushNotificationPayload.apns */,
				84E372A124FD0A5E00AFB355 /* Preview Content */,
			);
			path = "Workout Spinner WatchKit Extension";
			sourceTree = "<group>";
		};
		84E372A124FD0A5E00AFB355 /* Preview Content */ = {
			isa = PBXGroup;
			children = (
				84E372A224FD0A5E00AFB355 /* Preview Assets.xcassets */,
			);
			path = "Preview Content";
			sourceTree = "<group>";
		};
		84E372B324FD0ACD00AFB355 /* Models */ = {
			isa = PBXGroup;
			children = (
				84EFD6782508E32500806EF4 /* BodyPartSelections.swift */,
				84E372B624FD0BD800AFB355 /* ExerciseInfo.swift */,
				84E372B824FD0F5600AFB355 /* Exercise enums.swift */,
				84E1503824FD136B007F577D /* ExerciseOptions.swift */,
				849458ED2503AFCA00C361F7 /* CrownVelocityCalculator.swift */,
				841D04D825066CF400786074 /* UserDefaultsKeys.swift */,
				8483502825403C010081D374 /* WorkoutManager.swift */,
				84C1FA7B25497CD20008CE09 /* WorkoutTracker.swift */,
				84E9C1002554234D002D461B /* HeartRateGraphData.swift */,
			);
			path = Models;
			sourceTree = "<group>";
		};
		84E372B424FD0AD500AFB355 /* View Models */ = {
			isa = PBXGroup;
			children = (
				841D04D225064A8800786074 /* WorkoutPickerViewModel.swift */,
			);
			path = "View Models";
			sourceTree = "<group>";
		};
		84E372B524FD0B1F00AFB355 /* Views */ = {
			isa = PBXGroup;
			children = (
				84A7F86A255C0D32006D26CD /* General Components */,
				84E3729324FD0A5D00AFB355 /* ContentView.swift */,
				84DD331625445DBF00409E57 /* WelcomeView.swift */,
				848364E72565438800B357FA /* InstructionsView.swift */,
				84C1FA7325497A050008CE09 /* WorkoutPagingView.swift */,
				84DEC01724FE5ABD002FF9BC /* ExercisePicker.swift */,
				841D04D0250648AB00786074 /* ExerciseStartView.swift */,
				847063BE250A4A370030F4DE /* ExerciseView.swift */,
				84D0BDD8254ADA51001ABA83 /* ExerciseFinishView.swift */,
				840D3F64254C1D6200C9E2EF /* WorkoutFinishView.swift */,
				84BD82442546DD8B000709C6 /* Settings Views */,
				84BD823D2546DD67000709C6 /* Spinner Subviews */,
				84E9C0DB25542289002D461B /* HeartRateGraph */,
			);
			path = Views;
			sourceTree = "<group>";
		};
		84E9C0DB25542289002D461B /* HeartRateGraph */ = {
			isa = PBXGroup;
			children = (
				84E9C0DC255422B9002D461B /* HeartRateGraphView.swift */,
				84E9C0EC25542309002D461B /* GraphBackgroundSegment.swift */,
				84E9C0F12554231D002D461B /* PlotHVLines.swift */,
				84E9C0F62554232B002D461B /* PlotHVGridText.swift */,
				84E9C0FB2554233C002D461B /* HeartRateGraphPlotShape.swift */,
			);
			path = HeartRateGraph;
			sourceTree = "<group>";
		};
/* End PBXGroup section */

/* Begin PBXNativeTarget section */
		84E3727A24FD0A5800AFB355 /* Workout Spinner */ = {
			isa = PBXNativeTarget;
			buildConfigurationList = 84E372B024FD0A5E00AFB355 /* Build configuration list for PBXNativeTarget "Workout Spinner" */;
			buildPhases = (
				84E3727924FD0A5800AFB355 /* Resources */,
				84E372AF24FD0A5E00AFB355 /* Embed Watch Content */,
			);
			buildRules = (
			);
			dependencies = (
				84E3728224FD0A5800AFB355 /* PBXTargetDependency */,
			);
			name = "Workout Spinner";
			productName = "Workout Spinner";
			productReference = 84E3727B24FD0A5800AFB355 /* Workout Spinner.app */;
			productType = "com.apple.product-type.application.watchapp2-container";
		};
		84E3727E24FD0A5800AFB355 /* Workout Spinner WatchKit App */ = {
			isa = PBXNativeTarget;
			buildConfigurationList = 84E372AC24FD0A5E00AFB355 /* Build configuration list for PBXNativeTarget "Workout Spinner WatchKit App" */;
			buildPhases = (
				84E3727D24FD0A5800AFB355 /* Resources */,
				84E372AB24FD0A5E00AFB355 /* Embed App Extensions */,
				845D589E2541948400F2764B /* Increment Build */,
			);
			buildRules = (
			);
			dependencies = (
				84E3729124FD0A5D00AFB355 /* PBXTargetDependency */,
			);
			name = "Workout Spinner WatchKit App";
			productName = "Workout Spinner WatchKit App";
			productReference = 84E3727F24FD0A5800AFB355 /* Workout Spinner WatchKit App.app */;
			productType = "com.apple.product-type.application.watchapp2";
		};
		84E3728D24FD0A5D00AFB355 /* Workout Spinner WatchKit Extension */ = {
			isa = PBXNativeTarget;
			buildConfigurationList = 84E372A824FD0A5E00AFB355 /* Build configuration list for PBXNativeTarget "Workout Spinner WatchKit Extension" */;
			buildPhases = (
				84E3728A24FD0A5D00AFB355 /* Sources */,
				84E3728B24FD0A5D00AFB355 /* Frameworks */,
				84E3728C24FD0A5D00AFB355 /* Resources */,
				845D589D2541945000F2764B /* Increment Build */,
			);
			buildRules = (
			);
			dependencies = (
			);
			name = "Workout Spinner WatchKit Extension";
			productName = "Workout Spinner WatchKit Extension";
			productReference = 84E3728E24FD0A5D00AFB355 /* Workout Spinner WatchKit Extension.appex */;
			productType = "com.apple.product-type.watchkit2-extension";
		};
/* End PBXNativeTarget section */

/* Begin PBXProject section */
		84E3727524FD0A5800AFB355 /* Project object */ = {
			isa = PBXProject;
			attributes = {
				LastSwiftUpdateCheck = 1220;
				LastUpgradeCheck = 1200;
				ORGANIZATIONNAME = "Joshua Cook";
				TargetAttributes = {
					84E3727A24FD0A5800AFB355 = {
						CreatedOnToolsVersion = 11.6;
					};
					84E3727E24FD0A5800AFB355 = {
						CreatedOnToolsVersion = 11.6;
					};
					84E3728D24FD0A5D00AFB355 = {
						CreatedOnToolsVersion = 11.6;
					};
				};
			};
			buildConfigurationList = 84E3727824FD0A5800AFB355 /* Build configuration list for PBXProject "Workout Spinner" */;
			compatibilityVersion = "Xcode 9.3";
			developmentRegion = en;
			hasScannedForEncodings = 0;
			knownRegions = (
				en,
				Base,
			);
			mainGroup = 84E3727424FD0A5800AFB355;
			productRefGroup = 84E3727C24FD0A5800AFB355 /* Products */;
			projectDirPath = "";
			projectRoot = "";
			targets = (
				84E3727A24FD0A5800AFB355 /* Workout Spinner */,
				84E3727E24FD0A5800AFB355 /* Workout Spinner WatchKit App */,
				84E3728D24FD0A5D00AFB355 /* Workout Spinner WatchKit Extension */,
			);
		};
/* End PBXProject section */

/* Begin PBXResourcesBuildPhase section */
		84E3727924FD0A5800AFB355 /* Resources */ = {
			isa = PBXResourcesBuildPhase;
			buildActionMask = 2147483647;
			files = (
			);
			runOnlyForDeploymentPostprocessing = 0;
		};
		84E3727D24FD0A5800AFB355 /* Resources */ = {
			isa = PBXResourcesBuildPhase;
			buildActionMask = 2147483647;
			files = (
				84E3728824FD0A5C00AFB355 /* Assets.xcassets in Resources */,
				84E3728624FD0A5800AFB355 /* Interface.storyboard in Resources */,
			);
			runOnlyForDeploymentPostprocessing = 0;
		};
		84E3728C24FD0A5D00AFB355 /* Resources */ = {
			isa = PBXResourcesBuildPhase;
			buildActionMask = 2147483647;
			files = (
				84E372A324FD0A5E00AFB355 /* Preview Assets.xcassets in Resources */,
				84E1503724FD134A007F577D /* WorkoutSpinnerExercises.json in Resources */,
				84E372A024FD0A5E00AFB355 /* Assets.xcassets in Resources */,
			);
			runOnlyForDeploymentPostprocessing = 0;
		};
/* End PBXResourcesBuildPhase section */

/* Begin PBXShellScriptBuildPhase section */
		845D589D2541945000F2764B /* Increment Build */ = {
			isa = PBXShellScriptBuildPhase;
			buildActionMask = 2147483647;
			files = (
			);
			inputFileListPaths = (
			);
			inputPaths = (
			);
			name = "Increment Build";
			outputFileListPaths = (
			);
			outputPaths = (
			);
			runOnlyForDeploymentPostprocessing = 0;
			shellPath = /bin/sh;
			shellScript = "buildNumber=$(/usr/libexec/PlistBuddy -c \"Print CFBundleVersion\" \"${PROJECT_DIR}/${INFOPLIST_FILE}\")\nbuildNumber=$(($buildNumber + 1))\n/usr/libexec/PlistBuddy -c \"Set :CFBundleVersion $buildNumber\" \"${PROJECT_DIR}/${INFOPLIST_FILE}\"\n";
		};
		845D589E2541948400F2764B /* Increment Build */ = {
			isa = PBXShellScriptBuildPhase;
			buildActionMask = 2147483647;
			files = (
			);
			inputFileListPaths = (
			);
			inputPaths = (
			);
			name = "Increment Build";
			outputFileListPaths = (
			);
			outputPaths = (
			);
			runOnlyForDeploymentPostprocessing = 0;
			shellPath = /bin/sh;
			shellScript = "buildNumber=$(/usr/libexec/PlistBuddy -c \"Print CFBundleVersion\" \"${PROJECT_DIR}/${INFOPLIST_FILE}\")\nbuildNumber=$(($buildNumber + 1))\n/usr/libexec/PlistBuddy -c \"Set :CFBundleVersion $buildNumber\" \"${PROJECT_DIR}/${INFOPLIST_FILE}\"\n";
		};
/* End PBXShellScriptBuildPhase section */

/* Begin PBXSourcesBuildPhase section */
		84E3728A24FD0A5D00AFB355 /* Sources */ = {
			isa = PBXSourcesBuildPhase;
			buildActionMask = 2147483647;
			files = (
				84394C412502501600BBA4F3 /* SpinnerPointer.swift in Sources */,
				84E9C0F72554232B002D461B /* PlotHVGridText.swift in Sources */,
				84E9C1012554234D002D461B /* HeartRateGraphData.swift in Sources */,
				841D04D925066CF400786074 /* UserDefaultsKeys.swift in Sources */,
				84D0BDD9254ADA51001ABA83 /* ExerciseFinishView.swift in Sources */,
				841D04D1250648AB00786074 /* ExerciseStartView.swift in Sources */,
				84E9C0DD255422B9002D461B /* HeartRateGraphView.swift in Sources */,
				84A7F866255C0BFB006D26CD /* ButtonStyles.swift in Sources */,
				849C732A255EA67100C28F96 /* SectionHeader.swift in Sources */,
				84BCB975255D574400C83B28 /* SelectExercisesView.swift in Sources */,
				84E3729624FD0A5D00AFB355 /* HostingController.swift in Sources */,
				849C7325255EA64400C28F96 /* LabelWithIndicator.swift in Sources */,
				849458F12503B86200C361F7 /* SpinnerRotationModifier.swift in Sources */,
				843F33EE24FFB2E500919AD5 /* Color-extension.swift in Sources */,
				84C1FA7C25497CD20008CE09 /* WorkoutTracker.swift in Sources */,
				848642F52500FA3E00E3ED9B /* SpinnerSlice.swift in Sources */,
				84DD331725445DBF00409E57 /* WelcomeView.swift in Sources */,
				84E372B924FD0F5700AFB355 /* Exercise enums.swift in Sources */,
				84A7F86C255C0D53006D26CD /* Buttons.swift in Sources */,
				84E3729424FD0A5D00AFB355 /* ContentView.swift in Sources */,
				84E9C0FC2554233C002D461B /* HeartRateGraphPlotShape.swift in Sources */,
				84E372B724FD0BD800AFB355 /* ExerciseInfo.swift in Sources */,
				847063BF250A4A370030F4DE /* ExerciseView.swift in Sources */,
				84A53E88250105D100A8D638 /* WorkoutSlice.swift in Sources */,
				84E3729A24FD0A5D00AFB355 /* NotificationController.swift in Sources */,
				84FDB9CE255A0721002E0534 /* EditExerciseView.swift in Sources */,
				84E1503924FD136B007F577D /* ExerciseOptions.swift in Sources */,
				849458EE2503AFCA00C361F7 /* CrownVelocityCalculator.swift in Sources */,
				84E9C0ED25542309002D461B /* GraphBackgroundSegment.swift in Sources */,
				84EFD6792508E32500806EF4 /* BodyPartSelections.swift in Sources */,
				84C1FA7425497A050008CE09 /* WorkoutPagingView.swift in Sources */,
				841D04D325064A8800786074 /* WorkoutPickerViewModel.swift in Sources */,
				84E9C0E8255422DE002D461B /* Double-extension.swift in Sources */,
				848364E82565438800B357FA /* InstructionsView.swift in Sources */,
				8483502925403C010081D374 /* WorkoutManager.swift in Sources */,
				841D04D525064DE600786074 /* Settings.swift in Sources */,
				84E9C0F22554231D002D461B /* PlotHVLines.swift in Sources */,
				841D04DB250673DB00786074 /* BodyPartSelectionListView.swift in Sources */,
				843F33EC24FFB2BD00919AD5 /* GeometryProxy-extension.swift in Sources */,
				845B317C2579026B00C3CE34 /* Text ViewModifiers.swift in Sources */,
				84E3729824FD0A5D00AFB355 /* ExtensionDelegate.swift in Sources */,
				84E3729C24FD0A5D00AFB355 /* NotificationView.swift in Sources */,
				840D3F65254C1D6200C9E2EF /* WorkoutFinishView.swift in Sources */,
				84DEC01824FE5ABD002FF9BC /* ExercisePicker.swift in Sources */,
				84E3729E24FD0A5D00AFB355 /* ComplicationController.swift in Sources */,
			);
			runOnlyForDeploymentPostprocessing = 0;
		};
/* End PBXSourcesBuildPhase section */

/* Begin PBXTargetDependency section */
		84E3728224FD0A5800AFB355 /* PBXTargetDependency */ = {
			isa = PBXTargetDependency;
			target = 84E3727E24FD0A5800AFB355 /* Workout Spinner WatchKit App */;
			targetProxy = 84E3728124FD0A5800AFB355 /* PBXContainerItemProxy */;
		};
		84E3729124FD0A5D00AFB355 /* PBXTargetDependency */ = {
			isa = PBXTargetDependency;
			target = 84E3728D24FD0A5D00AFB355 /* Workout Spinner WatchKit Extension */;
			targetProxy = 84E3729024FD0A5D00AFB355 /* PBXContainerItemProxy */;
		};
/* End PBXTargetDependency section */

/* Begin PBXVariantGroup section */
		84E3728424FD0A5800AFB355 /* Interface.storyboard */ = {
			isa = PBXVariantGroup;
			children = (
				84E3728524FD0A5800AFB355 /* Base */,
			);
			name = Interface.storyboard;
			sourceTree = "<group>";
		};
/* End PBXVariantGroup section */

/* Begin XCBuildConfiguration section */
		84E372A624FD0A5E00AFB355 /* Debug */ = {
			isa = XCBuildConfiguration;
			buildSettings = {
				ALWAYS_SEARCH_USER_PATHS = NO;
				CLANG_ANALYZER_NONNULL = YES;
				CLANG_ANALYZER_NUMBER_OBJECT_CONVERSION = YES_AGGRESSIVE;
				CLANG_CXX_LANGUAGE_STANDARD = "gnu++14";
				CLANG_CXX_LIBRARY = "libc++";
				CLANG_ENABLE_MODULES = YES;
				CLANG_ENABLE_OBJC_ARC = YES;
				CLANG_ENABLE_OBJC_WEAK = YES;
				CLANG_WARN_BLOCK_CAPTURE_AUTORELEASING = YES;
				CLANG_WARN_BOOL_CONVERSION = YES;
				CLANG_WARN_COMMA = YES;
				CLANG_WARN_CONSTANT_CONVERSION = YES;
				CLANG_WARN_DEPRECATED_OBJC_IMPLEMENTATIONS = YES;
				CLANG_WARN_DIRECT_OBJC_ISA_USAGE = YES_ERROR;
				CLANG_WARN_DOCUMENTATION_COMMENTS = YES;
				CLANG_WARN_EMPTY_BODY = YES;
				CLANG_WARN_ENUM_CONVERSION = YES;
				CLANG_WARN_INFINITE_RECURSION = YES;
				CLANG_WARN_INT_CONVERSION = YES;
				CLANG_WARN_NON_LITERAL_NULL_CONVERSION = YES;
				CLANG_WARN_OBJC_IMPLICIT_RETAIN_SELF = YES;
				CLANG_WARN_OBJC_LITERAL_CONVERSION = YES;
				CLANG_WARN_OBJC_ROOT_CLASS = YES_ERROR;
				CLANG_WARN_QUOTED_INCLUDE_IN_FRAMEWORK_HEADER = YES;
				CLANG_WARN_RANGE_LOOP_ANALYSIS = YES;
				CLANG_WARN_STRICT_PROTOTYPES = YES;
				CLANG_WARN_SUSPICIOUS_MOVE = YES;
				CLANG_WARN_UNGUARDED_AVAILABILITY = YES_AGGRESSIVE;
				CLANG_WARN_UNREACHABLE_CODE = YES;
				CLANG_WARN__DUPLICATE_METHOD_MATCH = YES;
				COPY_PHASE_STRIP = NO;
				DEBUG_INFORMATION_FORMAT = dwarf;
				ENABLE_STRICT_OBJC_MSGSEND = YES;
				ENABLE_TESTABILITY = YES;
				GCC_C_LANGUAGE_STANDARD = gnu11;
				GCC_DYNAMIC_NO_PIC = NO;
				GCC_NO_COMMON_BLOCKS = YES;
				GCC_OPTIMIZATION_LEVEL = 0;
				GCC_PREPROCESSOR_DEFINITIONS = (
					"DEBUG=1",
					"$(inherited)",
				);
				GCC_WARN_64_TO_32_BIT_CONVERSION = YES;
				GCC_WARN_ABOUT_RETURN_TYPE = YES_ERROR;
				GCC_WARN_UNDECLARED_SELECTOR = YES;
				GCC_WARN_UNINITIALIZED_AUTOS = YES_AGGRESSIVE;
				GCC_WARN_UNUSED_FUNCTION = YES;
				GCC_WARN_UNUSED_VARIABLE = YES;
				MTL_ENABLE_DEBUG_INFO = INCLUDE_SOURCE;
				MTL_FAST_MATH = YES;
				ONLY_ACTIVE_ARCH = YES;
				SDKROOT = iphoneos;
				SWIFT_ACTIVE_COMPILATION_CONDITIONS = DEBUG;
				SWIFT_OPTIMIZATION_LEVEL = "-Onone";
			};
			name = Debug;
		};
		84E372A724FD0A5E00AFB355 /* Release */ = {
			isa = XCBuildConfiguration;
			buildSettings = {
				ALWAYS_SEARCH_USER_PATHS = NO;
				CLANG_ANALYZER_NONNULL = YES;
				CLANG_ANALYZER_NUMBER_OBJECT_CONVERSION = YES_AGGRESSIVE;
				CLANG_CXX_LANGUAGE_STANDARD = "gnu++14";
				CLANG_CXX_LIBRARY = "libc++";
				CLANG_ENABLE_MODULES = YES;
				CLANG_ENABLE_OBJC_ARC = YES;
				CLANG_ENABLE_OBJC_WEAK = YES;
				CLANG_WARN_BLOCK_CAPTURE_AUTORELEASING = YES;
				CLANG_WARN_BOOL_CONVERSION = YES;
				CLANG_WARN_COMMA = YES;
				CLANG_WARN_CONSTANT_CONVERSION = YES;
				CLANG_WARN_DEPRECATED_OBJC_IMPLEMENTATIONS = YES;
				CLANG_WARN_DIRECT_OBJC_ISA_USAGE = YES_ERROR;
				CLANG_WARN_DOCUMENTATION_COMMENTS = YES;
				CLANG_WARN_EMPTY_BODY = YES;
				CLANG_WARN_ENUM_CONVERSION = YES;
				CLANG_WARN_INFINITE_RECURSION = YES;
				CLANG_WARN_INT_CONVERSION = YES;
				CLANG_WARN_NON_LITERAL_NULL_CONVERSION = YES;
				CLANG_WARN_OBJC_IMPLICIT_RETAIN_SELF = YES;
				CLANG_WARN_OBJC_LITERAL_CONVERSION = YES;
				CLANG_WARN_OBJC_ROOT_CLASS = YES_ERROR;
				CLANG_WARN_QUOTED_INCLUDE_IN_FRAMEWORK_HEADER = YES;
				CLANG_WARN_RANGE_LOOP_ANALYSIS = YES;
				CLANG_WARN_STRICT_PROTOTYPES = YES;
				CLANG_WARN_SUSPICIOUS_MOVE = YES;
				CLANG_WARN_UNGUARDED_AVAILABILITY = YES_AGGRESSIVE;
				CLANG_WARN_UNREACHABLE_CODE = YES;
				CLANG_WARN__DUPLICATE_METHOD_MATCH = YES;
				COPY_PHASE_STRIP = NO;
				DEBUG_INFORMATION_FORMAT = "dwarf-with-dsym";
				ENABLE_NS_ASSERTIONS = NO;
				ENABLE_STRICT_OBJC_MSGSEND = YES;
				GCC_C_LANGUAGE_STANDARD = gnu11;
				GCC_NO_COMMON_BLOCKS = YES;
				GCC_WARN_64_TO_32_BIT_CONVERSION = YES;
				GCC_WARN_ABOUT_RETURN_TYPE = YES_ERROR;
				GCC_WARN_UNDECLARED_SELECTOR = YES;
				GCC_WARN_UNINITIALIZED_AUTOS = YES_AGGRESSIVE;
				GCC_WARN_UNUSED_FUNCTION = YES;
				GCC_WARN_UNUSED_VARIABLE = YES;
				MTL_ENABLE_DEBUG_INFO = NO;
				MTL_FAST_MATH = YES;
				SDKROOT = iphoneos;
				SWIFT_COMPILATION_MODE = wholemodule;
				SWIFT_OPTIMIZATION_LEVEL = "-O";
				VALIDATE_PRODUCT = YES;
			};
			name = Release;
		};
		84E372A924FD0A5E00AFB355 /* Debug */ = {
			isa = XCBuildConfiguration;
			buildSettings = {
				ASSETCATALOG_COMPILER_COMPLICATION_NAME = Complication;
				CODE_SIGN_ENTITLEMENTS = "Workout Spinner WatchKit Extension/Workout Spinner WatchKit Extension.entitlements";
				CODE_SIGN_STYLE = Automatic;
				DEVELOPMENT_ASSET_PATHS = "\"Workout Spinner WatchKit Extension/Preview Content\"";
				DEVELOPMENT_TEAM = CRMHYJ9F9F;
				ENABLE_PREVIEWS = YES;
				INFOPLIST_FILE = "Workout Spinner WatchKit Extension/Info.plist";
				LD_RUNPATH_SEARCH_PATHS = (
					"$(inherited)",
					"@executable_path/Frameworks",
					"@executable_path/../../Frameworks",
				);
				PRODUCT_BUNDLE_IDENTIFIER = "com.joshuacook.Workout-Spinner.watchkitapp.watchkitextension";
				PRODUCT_NAME = "${TARGET_NAME}";
				SDKROOT = watchos;
				SKIP_INSTALL = YES;
				SWIFT_VERSION = 5.0;
				TARGETED_DEVICE_FAMILY = 4;
				WATCHOS_DEPLOYMENT_TARGET = 7.0;
			};
			name = Debug;
		};
		84E372AA24FD0A5E00AFB355 /* Release */ = {
			isa = XCBuildConfiguration;
			buildSettings = {
				ASSETCATALOG_COMPILER_COMPLICATION_NAME = Complication;
				CODE_SIGN_ENTITLEMENTS = "Workout Spinner WatchKit Extension/Workout Spinner WatchKit Extension.entitlements";
				CODE_SIGN_STYLE = Automatic;
				DEVELOPMENT_ASSET_PATHS = "\"Workout Spinner WatchKit Extension/Preview Content\"";
				DEVELOPMENT_TEAM = CRMHYJ9F9F;
				ENABLE_PREVIEWS = YES;
				INFOPLIST_FILE = "Workout Spinner WatchKit Extension/Info.plist";
				LD_RUNPATH_SEARCH_PATHS = (
					"$(inherited)",
					"@executable_path/Frameworks",
					"@executable_path/../../Frameworks",
				);
				PRODUCT_BUNDLE_IDENTIFIER = "com.joshuacook.Workout-Spinner.watchkitapp.watchkitextension";
				PRODUCT_NAME = "${TARGET_NAME}";
				SDKROOT = watchos;
				SKIP_INSTALL = YES;
				SWIFT_VERSION = 5.0;
				TARGETED_DEVICE_FAMILY = 4;
				WATCHOS_DEPLOYMENT_TARGET = 7.0;
			};
			name = Release;
		};
		84E372AD24FD0A5E00AFB355 /* Debug */ = {
			isa = XCBuildConfiguration;
			buildSettings = {
				ALWAYS_EMBED_SWIFT_STANDARD_LIBRARIES = YES;
				ASSETCATALOG_COMPILER_APPICON_NAME = AppIcon;
				CODE_SIGN_STYLE = Automatic;
				DEVELOPMENT_TEAM = CRMHYJ9F9F;
				IBSC_MODULE = Workout_Spinner_WatchKit_Extension;
				INFOPLIST_FILE = "Workout Spinner WatchKit App/Info.plist";
				PRODUCT_BUNDLE_IDENTIFIER = "com.joshuacook.Workout-Spinner.watchkitapp";
				PRODUCT_NAME = "$(TARGET_NAME)";
				SDKROOT = watchos;
				SKIP_INSTALL = YES;
				SWIFT_VERSION = 5.0;
				TARGETED_DEVICE_FAMILY = 4;
				WATCHOS_DEPLOYMENT_TARGET = 6.2;
			};
			name = Debug;
		};
		84E372AE24FD0A5E00AFB355 /* Release */ = {
			isa = XCBuildConfiguration;
			buildSettings = {
				ALWAYS_EMBED_SWIFT_STANDARD_LIBRARIES = YES;
				ASSETCATALOG_COMPILER_APPICON_NAME = AppIcon;
				CODE_SIGN_STYLE = Automatic;
				DEVELOPMENT_TEAM = CRMHYJ9F9F;
				IBSC_MODULE = Workout_Spinner_WatchKit_Extension;
				INFOPLIST_FILE = "Workout Spinner WatchKit App/Info.plist";
				PRODUCT_BUNDLE_IDENTIFIER = "com.joshuacook.Workout-Spinner.watchkitapp";
				PRODUCT_NAME = "$(TARGET_NAME)";
				SDKROOT = watchos;
				SKIP_INSTALL = YES;
				SWIFT_VERSION = 5.0;
				TARGETED_DEVICE_FAMILY = 4;
				WATCHOS_DEPLOYMENT_TARGET = 6.2;
			};
			name = Release;
		};
		84E372B124FD0A5E00AFB355 /* Debug */ = {
			isa = XCBuildConfiguration;
			buildSettings = {
				CODE_SIGN_STYLE = Automatic;
				CURRENT_PROJECT_VERSION = 1;
				DEVELOPMENT_TEAM = CRMHYJ9F9F;
				MARKETING_VERSION = 1.0;
				PRODUCT_BUNDLE_IDENTIFIER = "com.joshuacook.Workout-Spinner";
				PRODUCT_NAME = "$(TARGET_NAME)";
				SWIFT_VERSION = 5.0;
			};
			name = Debug;
		};
		84E372B224FD0A5E00AFB355 /* Release */ = {
			isa = XCBuildConfiguration;
			buildSettings = {
				CODE_SIGN_STYLE = Automatic;
				CURRENT_PROJECT_VERSION = 1;
				DEVELOPMENT_TEAM = CRMHYJ9F9F;
				MARKETING_VERSION = 1.0;
				PRODUCT_BUNDLE_IDENTIFIER = "com.joshuacook.Workout-Spinner";
				PRODUCT_NAME = "$(TARGET_NAME)";
				SWIFT_VERSION = 5.0;
			};
			name = Release;
		};
/* End XCBuildConfiguration section */

/* Begin XCConfigurationList section */
		84E3727824FD0A5800AFB355 /* Build configuration list for PBXProject "Workout Spinner" */ = {
			isa = XCConfigurationList;
			buildConfigurations = (
				84E372A624FD0A5E00AFB355 /* Debug */,
				84E372A724FD0A5E00AFB355 /* Release */,
			);
			defaultConfigurationIsVisible = 0;
			defaultConfigurationName = Release;
		};
		84E372A824FD0A5E00AFB355 /* Build configuration list for PBXNativeTarget "Workout Spinner WatchKit Extension" */ = {
			isa = XCConfigurationList;
			buildConfigurations = (
				84E372A924FD0A5E00AFB355 /* Debug */,
				84E372AA24FD0A5E00AFB355 /* Release */,
			);
			defaultConfigurationIsVisible = 0;
			defaultConfigurationName = Release;
		};
		84E372AC24FD0A5E00AFB355 /* Build configuration list for PBXNativeTarget "Workout Spinner WatchKit App" */ = {
			isa = XCConfigurationList;
			buildConfigurations = (
				84E372AD24FD0A5E00AFB355 /* Debug */,
				84E372AE24FD0A5E00AFB355 /* Release */,
			);
			defaultConfigurationIsVisible = 0;
			defaultConfigurationName = Release;
		};
		84E372B024FD0A5E00AFB355 /* Build configuration list for PBXNativeTarget "Workout Spinner" */ = {
			isa = XCConfigurationList;
			buildConfigurations = (
				84E372B124FD0A5E00AFB355 /* Debug */,
				84E372B224FD0A5E00AFB355 /* Release */,
			);
			defaultConfigurationIsVisible = 0;
			defaultConfigurationName = Release;
		};
/* End XCConfigurationList section */
	};
	rootObject = 84E3727524FD0A5800AFB355 /* Project object */;
}
